PODS:
  - Alamofire (4.8.0)
  - Kingfisher (4.10.1)
  - SwiftyJSON (4.2.0)

DEPENDENCIES:
  - Alamofire
  - Kingfisher
  - SwiftyJSON

SPEC REPOS:
  https://github.com/cocoapods/specs.git:
    - Alamofire
    - Kingfisher
    - SwiftyJSON

SPEC CHECKSUMS:
  Alamofire: 3ec537f71edc9804815215393ae2b1a8ea33a844
  Kingfisher: c148cd7b47ebde9989f6bc7c27dcaa79d81279a0
  SwiftyJSON: c4bcba26dd9ec7a027fc8eade48e2c911f229e96

PODFILE CHECKSUM: c8b734099c6955346d5ad1c0581d13b921e1dcd8

COCOAPODS: 1.5.3
